
Microsoft Visual Studio Solution File, Format Version 12.00
Project("{FAE04EC0-301F-11D3-BF4B-00C04F79EFBC}") = "windows-forms", "windows-forms.csproj", "{827857C0-7753-4780-BC6F-2ECDB14DCD80}"
EndProject
Global
	GlobalSection(SolutionConfigurationPlatforms) = preSolution
		Debug|Any CPU = Debug|Any CPU
		Release|Any CPU = Release|Any CPU
	EndGlobalSection
	GlobalSection(ProjectConfigurationPlatforms) = postSolution
		{827857C0-7753-4780-BC6F-2ECDB14DCD80}.Debug|Any CPU.ActiveCfg = Debug|Any CPU
		{827857C0-7753-4780-BC6F-2ECDB14DCD80}.Debug|Any CPU.Build.0 = Debug|Any CPU
		{827857C0-7753-4780-BC6F-2ECDB14DCD80}.Release|Any CPU.ActiveCfg = Release|Any CPU
		{827857C0-7753-4780-BC6F-2ECDB14DCD80}.Release|Any CPU.Build.0 = Release|Any CPU
	EndGlobalSection
EndGlobal
